
Microsoft Visual Studio Solution File, Format Version 12.00
# Visual Studio 15
VisualStudioVersion = 15.0.28307.271
MinimumVisualStudioVersion = 10.0.40219.1
Project("{9A19103F-16F7-4668-BE54-9A1E7A4F7556}") = "RailRoadController", "RailRoadController\RailRoadController.csproj", "{8277A7D8-FE03-4CED-A08B-64F6F1788578}"
EndProject
Project("{9A19103F-16F7-4668-BE54-9A1E7A4F7556}") = "NetCoreSerial", "NetCoreSerial\NetCoreSerial.csproj", "{98D3DDE7-0AE0-47D0-8482-8DC22F9F7943}"
EndProject
Project("{9A19103F-16F7-4668-BE54-9A1E7A4F7556}") = "RailRoadControllerTest", "RailRoadControllerTest\RailRoadControllerTest.csproj", "{7CE6FFB9-ABD3-46BF-9E18-45B9233376F6}"
EndProject
Project("{2150E333-8FDC-42A3-9474-1A3956D46DE8}") = "Solution Items", "Solution Items", "{13D0C9FE-7E7D-4552-8C22-09273F43D2C8}"
	ProjectSection(SolutionItems) = preProject
		jenkinsfile = jenkinsfile
	EndProjectSection
EndProject
Global
	GlobalSection(SolutionConfigurationPlatforms) = preSolution
		Debug|Any CPU = Debug|Any CPU
		Release|Any CPU = Release|Any CPU
	EndGlobalSection
	GlobalSection(ProjectConfigurationPlatforms) = postSolution
		{8277A7D8-FE03-4CED-A08B-64F6F1788578}.Debug|Any CPU.ActiveCfg = Debug|Any CPU
		{8277A7D8-FE03-4CED-A08B-64F6F1788578}.Debug|Any CPU.Build.0 = Debug|Any CPU
		{8277A7D8-FE03-4CED-A08B-64F6F1788578}.Release|Any CPU.ActiveCfg = Release|Any CPU
		{8277A7D8-FE03-4CED-A08B-64F6F1788578}.Release|Any CPU.Build.0 = Release|Any CPU
		{98D3DDE7-0AE0-47D0-8482-8DC22F9F7943}.Debug|Any CPU.ActiveCfg = Debug|Any CPU
		{98D3DDE7-0AE0-47D0-8482-8DC22F9F7943}.Debug|Any CPU.Build.0 = Debug|Any CPU
		{98D3DDE7-0AE0-47D0-8482-8DC22F9F7943}.Release|Any CPU.ActiveCfg = Release|Any CPU
		{98D3DDE7-0AE0-47D0-8482-8DC22F9F7943}.Release|Any CPU.Build.0 = Release|Any CPU
		{7CE6FFB9-ABD3-46BF-9E18-45B9233376F6}.Debug|Any CPU.ActiveCfg = Debug|Any CPU
		{7CE6FFB9-ABD3-46BF-9E18-45B9233376F6}.Debug|Any CPU.Build.0 = Debug|Any CPU
		{7CE6FFB9-ABD3-46BF-9E18-45B9233376F6}.Release|Any CPU.ActiveCfg = Release|Any CPU
		{7CE6FFB9-ABD3-46BF-9E18-45B9233376F6}.Release|Any CPU.Build.0 = Release|Any CPU
	EndGlobalSection
	GlobalSection(SolutionProperties) = preSolution
		HideSolutionNode = FALSE
	EndGlobalSection
	GlobalSection(ExtensibilityGlobals) = postSolution
		SolutionGuid = {87145A66-4E65-4DEA-B950-87C1248EC0AD}
	EndGlobalSection
EndGlobal
